
Microsoft Visual Studio Solution File, Format Version 12.00
# Visual Studio Version 17
VisualStudioVersion = 17.7.34003.232
MinimumVisualStudioVersion = 10.0.40219.1
Project("{FAE04EC0-301F-11D3-BF4B-00C04F79EFBC}") = "OSLabEx3", "OSLabEx3\OSLabEx3.csproj", "{39BCB9BC-E64E-42F7-87F7-FD9102D5871D}"
EndProject
Global
	GlobalSection(SolutionConfigurationPlatforms) = preSolution
		Debug|Any CPU = Debug|Any CPU
		Release|Any CPU = Release|Any CPU
	EndGlobalSection
	GlobalSection(ProjectConfigurationPlatforms) = postSolution
		{39BCB9BC-E64E-42F7-87F7-FD9102D5871D}.Debug|Any CPU.ActiveCfg = Debug|Any CPU
		{39BCB9BC-E64E-42F7-87F7-FD9102D5871D}.Debug|Any CPU.Build.0 = Debug|Any CPU
		{39BCB9BC-E64E-42F7-87F7-FD9102D5871D}.Release|Any CPU.ActiveCfg = Release|Any CPU
		{39BCB9BC-E64E-42F7-87F7-FD9102D5871D}.Release|Any CPU.Build.0 = Release|Any CPU
	EndGlobalSection
	GlobalSection(SolutionProperties) = preSolution
		HideSolutionNode = FALSE
	EndGlobalSection
	GlobalSection(ExtensibilityGlobals) = postSolution
		SolutionGuid = {4E16D5B3-7B4D-477A-A2D5-0A381A1D1A96}
	EndGlobalSection
EndGlobal
